// !$*UTF8*$!
{
	archiveVersion = 1;
	classes = {
	};
	objectVersion = 46;
	objects = {

/* Begin PBXBuildFile section */
		01F78AC31BA29F6200C83692 /* AppDelegate.swift in Sources */ = {isa = PBXBuildFile; fileRef = 01F78AC21BA29F6200C83692 /* AppDelegate.swift */; };
		01F78AC81BA29F6200C83692 /* Main.storyboard in Resources */ = {isa = PBXBuildFile; fileRef = 01F78AC61BA29F6200C83692 /* Main.storyboard */; };
		01F78ACA1BA29F6200C83692 /* Images.xcassets in Resources */ = {isa = PBXBuildFile; fileRef = 01F78AC91BA29F6200C83692 /* Images.xcassets */; };
		01F78ACD1BA29F6200C83692 /* LaunchScreen.xib in Resources */ = {isa = PBXBuildFile; fileRef = 01F78ACB1BA29F6200C83692 /* LaunchScreen.xib */; };
		01F78AD91BA29F6200C83692 /* HappinessTests.swift in Sources */ = {isa = PBXBuildFile; fileRef = 01F78AD81BA29F6200C83692 /* HappinessTests.swift */; };
		01F78AE31BA2A05C00C83692 /* HappinessViewController.swift in Sources */ = {isa = PBXBuildFile; fileRef = 01F78AE21BA2A05C00C83692 /* HappinessViewController.swift */; };
		01F78AE51BA2A1E500C83692 /* FaceView.swift in Sources */ = {isa = PBXBuildFile; fileRef = 01F78AE41BA2A1E500C83692 /* FaceView.swift */; };
/* End PBXBuildFile section */

/* Begin PBXContainerItemProxy section */
		01F78AD31BA29F6200C83692 /* PBXContainerItemProxy */ = {
			isa = PBXContainerItemProxy;
			containerPortal = 01F78AB51BA29F6200C83692 /* Project object */;
			proxyType = 1;
			remoteGlobalIDString = 01F78ABC1BA29F6200C83692;
			remoteInfo = Happiness;
		};
/* End PBXContainerItemProxy section */

/* Begin PBXFileReference section */
		01F78ABD1BA29F6200C83692 /* Happiness.app */ = {isa = PBXFileReference; explicitFileType = wrapper.application; includeInIndex = 0; path = Happiness.app; sourceTree = BUILT_PRODUCTS_DIR; };
		01F78AC11BA29F6200C83692 /* Info.plist */ = {isa = PBXFileReference; lastKnownFileType = text.plist.xml; path = Info.plist; sourceTree = "<group>"; };
		01F78AC21BA29F6200C83692 /* AppDelegate.swift */ = {isa = PBXFileReference; lastKnownFileType = sourcecode.swift; path = AppDelegate.swift; sourceTree = "<group>"; };
		01F78AC71BA29F6200C83692 /* Base */ = {isa = PBXFileReference; lastKnownFileType = file.storyboard; name = Base; path = Base.lproj/Main.storyboard; sourceTree = "<group>"; };
		01F78AC91BA29F6200C83692 /* Images.xcassets */ = {isa = PBXFileReference; lastKnownFileType = folder.assetcatalog; path = Images.xcassets; sourceTree = "<group>"; };
		01F78ACC1BA29F6200C83692 /* Base */ = {isa = PBXFileReference; lastKnownFileType = file.xib; name = Base; path = Base.lproj/LaunchScreen.xib; sourceTree = "<group>"; };
		01F78AD21BA29F6200C83692 /* HappinessTests.xctest */ = {isa = PBXFileReference; explicitFileType = wrapper.cfbundle; includeInIndex = 0; path = HappinessTests.xctest; sourceTree = BUILT_PRODUCTS_DIR; };
		01F78AD71BA29F6200C83692 /* Info.plist */ = {isa = PBXFileReference; lastKnownFileType = text.plist.xml; path = Info.plist; sourceTree = "<group>"; };
		01F78AD81BA29F6200C83692 /* HappinessTests.swift */ = {isa = PBXFileReference; lastKnownFileType = sourcecode.swift; path = HappinessTests.swift; sourceTree = "<group>"; };
		01F78AE21BA2A05C00C83692 /* HappinessViewController.swift */ = {isa = PBXFileReference; fileEncoding = 4; lastKnownFileType = sourcecode.swift; path = HappinessViewController.swift; sourceTree = "<group>"; };
		01F78AE41BA2A1E500C83692 /* FaceView.swift */ = {isa = PBXFileReference; fileEncoding = 4; lastKnownFileType = sourcecode.swift; path = FaceView.swift; sourceTree = "<group>"; };
/* End PBXFileReference section */

/* Begin PBXFrameworksBuildPhase section */
		01F78ABA1BA29F6200C83692 /* Frameworks */ = {
			isa = PBXFrameworksBuildPhase;
			buildActionMask = 2147483647;
			files = (
			);
			runOnlyForDeploymentPostprocessing = 0;
		};
		01F78ACF1BA29F6200C83692 /* Frameworks */ = {
			isa = PBXFrameworksBuildPhase;
			buildActionMask = 2147483647;
			files = (
			);
			runOnlyForDeploymentPostprocessing = 0;
		};
/* End PBXFrameworksBuildPhase section */

/* Begin PBXGroup section */
		01F78AB41BA29F6200C83692 = {
			isa = PBXGroup;
			children = (
				01F78ABF1BA29F6200C83692 /* Happiness */,
				01F78AD51BA29F6200C83692 /* HappinessTests */,
				01F78ABE1BA29F6200C83692 /* Products */,
			);
			sourceTree = "<group>";
		};
		01F78ABE1BA29F6200C83692 /* Products */ = {
			isa = PBXGroup;
			children = (
				01F78ABD1BA29F6200C83692 /* Happiness.app */,
				01F78AD21BA29F6200C83692 /* HappinessTests.xctest */,
			);
			name = Products;
			sourceTree = "<group>";
		};
		01F78ABF1BA29F6200C83692 /* Happiness */ = {
			isa = PBXGroup;
			children = (
				01F78AE41BA2A1E500C83692 /* FaceView.swift */,
				01F78AE21BA2A05C00C83692 /* HappinessViewController.swift */,
				01F78AC61BA29F6200C83692 /* Main.storyboard */,
				01F78AC01BA29F6200C83692 /* Supporting Files */,
			);
			path = Happiness;
			sourceTree = "<group>";
		};
		01F78AC01BA29F6200C83692 /* Supporting Files */ = {
			isa = PBXGroup;
			children = (
				01F78AC21BA29F6200C83692 /* AppDelegate.swift */,
				01F78AC91BA29F6200C83692 /* Images.xcassets */,
				01F78ACB1BA29F6200C83692 /* LaunchScreen.xib */,
				01F78AC11BA29F6200C83692 /* Info.plist */,
			);
			name = "Supporting Files";
			sourceTree = "<group>";
		};
		01F78AD51BA29F6200C83692 /* HappinessTests */ = {
			isa = PBXGroup;
			children = (
				01F78AD81BA29F6200C83692 /* HappinessTests.swift */,
				01F78AD61BA29F6200C83692 /* Supporting Files */,
			);
			path = HappinessTests;
			sourceTree = "<group>";
		};
		01F78AD61BA29F6200C83692 /* Supporting Files */ = {
			isa = PBXGroup;
			children = (
				01F78AD71BA29F6200C83692 /* Info.plist */,
			);
			name = "Supporting Files";
			sourceTree = "<group>";
		};
/* End PBXGroup section */

/* Begin PBXNativeTarget section */
		01F78ABC1BA29F6200C83692 /* Happiness */ = {
			isa = PBXNativeTarget;
			buildConfigurationList = 01F78ADC1BA29F6200C83692 /* Build configuration list for PBXNativeTarget "Happiness" */;
			buildPhases = (
				01F78AB91BA29F6200C83692 /* Sources */,
				01F78ABA1BA29F6200C83692 /* Frameworks */,
				01F78ABB1BA29F6200C83692 /* Resources */,
			);
			buildRules = (
			);
			dependencies = (
			);
			name = Happiness;
			productName = Happiness;
			productReference = 01F78ABD1BA29F6200C83692 /* Happiness.app */;
			productType = "com.apple.product-type.application";
		};
		01F78AD11BA29F6200C83692 /* HappinessTests */ = {
			isa = PBXNativeTarget;
			buildConfigurationList = 01F78ADF1BA29F6200C83692 /* Build configuration list for PBXNativeTarget "HappinessTests" */;
			buildPhases = (
				01F78ACE1BA29F6200C83692 /* Sources */,
				01F78ACF1BA29F6200C83692 /* Frameworks */,
				01F78AD01BA29F6200C83692 /* Resources */,
			);
			buildRules = (
			);
			dependencies = (
				01F78AD41BA29F6200C83692 /* PBXTargetDependency */,
			);
			name = HappinessTests;
			productName = HappinessTests;
			productReference = 01F78AD21BA29F6200C83692 /* HappinessTests.xctest */;
			productType = "com.apple.product-type.bundle.unit-test";
		};
/* End PBXNativeTarget section */

/* Begin PBXProject section */
		01F78AB51BA29F6200C83692 /* Project object */ = {
			isa = PBXProject;
			attributes = {
				LastUpgradeCheck = 0640;
				ORGANIZATIONNAME = Apress;
				TargetAttributes = {
					01F78ABC1BA29F6200C83692 = {
						CreatedOnToolsVersion = 6.4;
					};
					01F78AD11BA29F6200C83692 = {
						CreatedOnToolsVersion = 6.4;
						TestTargetID = 01F78ABC1BA29F6200C83692;
					};
				};
			};
			buildConfigurationList = 01F78AB81BA29F6200C83692 /* Build configuration list for PBXProject "Happiness" */;
			compatibilityVersion = "Xcode 3.2";
			developmentRegion = English;
			hasScannedForEncodings = 0;
			knownRegions = (
				en,
				Base,
			);
			mainGroup = 01F78AB41BA29F6200C83692;
			productRefGroup = 01F78ABE1BA29F6200C83692 /* Products */;
			projectDirPath = "";
			projectRoot = "";
			targets = (
				01F78ABC1BA29F6200C83692 /* Happiness */,
				01F78AD11BA29F6200C83692 /* HappinessTests */,
			);
		};
/* End PBXProject section */

/* Begin PBXResourcesBuildPhase section */
		01F78ABB1BA29F6200C83692 /* Resources */ = {
			isa = PBXResourcesBuildPhase;
			buildActionMask = 2147483647;
			files = (
				01F78AC81BA29F6200C83692 /* Main.storyboard in Resources */,
				01F78ACD1BA29F6200C83692 /* LaunchScreen.xib in Resources */,
				01F78ACA1BA29F6200C83692 /* Images.xcassets in Resources */,
			);
			runOnlyForDeploymentPostprocessing = 0;
		};
		01F78AD01BA29F6200C83692 /* Resources */ = {
			isa = PBXResourcesBuildPhase;
			buildActionMask = 2147483647;
			files = (
			);
			runOnlyForDeploymentPostprocessing = 0;
		};
/* End PBXResourcesBuildPhase section */

/* Begin PBXSourcesBuildPhase section */
		01F78AB91BA29F6200C83692 /* Sources */ = {
			isa = PBXSourcesBuildPhase;
			buildActionMask = 2147483647;
			files = (
				01F78AE31BA2A05C00C83692 /* HappinessViewController.swift in Sources */,
				01F78AC31BA29F6200C83692 /* AppDelegate.swift in Sources */,
				01F78AE51BA2A1E500C83692 /* FaceView.swift in Sources */,
			);
			runOnlyForDeploymentPostprocessing = 0;
		};
		01F78ACE1BA29F6200C83692 /* Sources */ = {
			isa = PBXSourcesBuildPhase;
			buildActionMask = 2147483647;
			files = (
				01F78AD91BA29F6200C83692 /* HappinessTests.swift in Sources */,
			);
			runOnlyForDeploymentPostprocessing = 0;
		};
/* End PBXSourcesBuildPhase section */

/* Begin PBXTargetDependency section */
		01F78AD41BA29F6200C83692 /* PBXTargetDependency */ = {
			isa = PBXTargetDependency;
			target = 01F78ABC1BA29F6200C83692 /* Happiness */;
			targetProxy = 01F78AD31BA29F6200C83692 /* PBXContainerItemProxy */;
		};
/* End PBXTargetDependency section */

/* Begin PBXVariantGroup section */
		01F78AC61BA29F6200C83692 /* Main.storyboard */ = {
			isa = PBXVariantGroup;
			children = (
				01F78AC71BA29F6200C83692 /* Base */,
			);
			name = Main.storyboard;
			sourceTree = "<group>";
		};
		01F78ACB1BA29F6200C83692 /* LaunchScreen.xib */ = {
			isa = PBXVariantGroup;
			children = (
				01F78ACC1BA29F6200C83692 /* Base */,
			);
			name = LaunchScreen.xib;
			sourceTree = "<group>";
		};
/* End PBXVariantGroup section */

/* Begin XCBuildConfiguration section */
		01F78ADA1BA29F6200C83692 /* Debug */ = {
			isa = XCBuildConfiguration;
			buildSettings = {
				ALWAYS_SEARCH_USER_PATHS = NO;
				CLANG_CXX_LANGUAGE_STANDARD = "gnu++0x";
				CLANG_CXX_LIBRARY = "libc++";
				CLANG_ENABLE_MODULES = YES;
				CLANG_ENABLE_OBJC_ARC = YES;
				CLANG_WARN_BOOL_CONVERSION = YES;
				CLANG_WARN_CONSTANT_CONVERSION = YES;
				CLANG_WARN_DIRECT_OBJC_ISA_USAGE = YES_ERROR;
				CLANG_WARN_EMPTY_BODY = YES;
				CLANG_WARN_ENUM_CONVERSION = YES;
				CLANG_WARN_INT_CONVERSION = YES;
				CLANG_WARN_OBJC_ROOT_CLASS = YES_ERROR;
				CLANG_WARN_UNREACHABLE_CODE = YES;
				CLANG_WARN__DUPLICATE_METHOD_MATCH = YES;
				"CODE_SIGN_IDENTITY[sdk=iphoneos*]" = "iPhone Developer";
				COPY_PHASE_STRIP = NO;
				DEBUG_INFORMATION_FORMAT = "dwarf-with-dsym";
				ENABLE_STRICT_OBJC_MSGSEND = YES;
				GCC_C_LANGUAGE_STANDARD = gnu99;
				GCC_DYNAMIC_NO_PIC = NO;
				GCC_NO_COMMON_BLOCKS = YES;
				GCC_OPTIMIZATION_LEVEL = 0;
				GCC_PREPROCESSOR_DEFINITIONS = (
					"DEBUG=1",
					"$(inherited)",
				);
				GCC_SYMBOLS_PRIVATE_EXTERN = NO;
				GCC_WARN_64_TO_32_BIT_CONVERSION = YES;
				GCC_WARN_ABOUT_RETURN_TYPE = YES_ERROR;
				GCC_WARN_UNDECLARED_SELECTOR = YES;
				GCC_WARN_UNINITIALIZED_AUTOS = YES_AGGRESSIVE;
				GCC_WARN_UNUSED_FUNCTION = YES;
				GCC_WARN_UNUSED_VARIABLE = YES;
				IPHONEOS_DEPLOYMENT_TARGET = 8.4;
				MTL_ENABLE_DEBUG_INFO = YES;
				ONLY_ACTIVE_ARCH = YES;
				SDKROOT = iphoneos;
				SWIFT_OPTIMIZATION_LEVEL = "-Onone";
				TARGETED_DEVICE_FAMILY = "1,2";
			};
			name = Debug;
		};
		01F78ADB1BA29F6200C83692 /* Release */ = {
			isa = XCBuildConfiguration;
			buildSettings = {
				ALWAYS_SEARCH_USER_PATHS = NO;
				CLANG_CXX_LANGUAGE_STANDARD = "gnu++0x";
				CLANG_CXX_LIBRARY = "libc++";
				CLANG_ENABLE_MODULES = YES;
				CLANG_ENABLE_OBJC_ARC = YES;
				CLANG_WARN_BOOL_CONVERSION = YES;
				CLANG_WARN_CONSTANT_CONVERSION = YES;
				CLANG_WARN_DIRECT_OBJC_ISA_USAGE = YES_ERROR;
				CLANG_WARN_EMPTY_BODY = YES;
				CLANG_WARN_ENUM_CONVERSION = YES;
				CLANG_WARN_INT_CONVERSION = YES;
				CLANG_WARN_OBJC_ROOT_CLASS = YES_ERROR;
				CLANG_WARN_UNREACHABLE_CODE = YES;
				CLANG_WARN__DUPLICATE_METHOD_MATCH = YES;
				"CODE_SIGN_IDENTITY[sdk=iphoneos*]" = "iPhone Developer";
				COPY_PHASE_STRIP = NO;
				DEBUG_INFORMATION_FORMAT = "dwarf-with-dsym";
				ENABLE_NS_ASSERTIONS = NO;
				ENABLE_STRICT_OBJC_MSGSEND = YES;
				GCC_C_LANGUAGE_STANDARD = gnu99;
				GCC_NO_COMMON_BLOCKS = YES;
				GCC_WARN_64_TO_32_BIT_CONVERSION = YES;
				GCC_WARN_ABOUT_RETURN_TYPE = YES_ERROR;
				GCC_WARN_UNDECLARED_SELECTOR = YES;
				GCC_WARN_UNINITIALIZED_AUTOS = YES_AGGRESSIVE;
				GCC_WARN_UNUSED_FUNCTION = YES;
				GCC_WARN_UNUSED_VARIABLE = YES;
				IPHONEOS_DEPLOYMENT_TARGET = 8.4;
				MTL_ENABLE_DEBUG_INFO = NO;
				SDKROOT = iphoneos;
				TARGETED_DEVICE_FAMILY = "1,2";
				VALIDATE_PRODUCT = YES;
			};
			name = Release;
		};
		01F78ADD1BA29F6200C83692 /* Debug */ = {
			isa = XCBuildConfiguration;
			buildSettings = {
				ASSETCATALOG_COMPILER_APPICON_NAME = AppIcon;
				INFOPLIST_FILE = Happiness/Info.plist;
				LD_RUNPATH_SEARCH_PATHS = "$(inherited) @executable_path/Frameworks";
				PRODUCT_NAME = "$(TARGET_NAME)";
			};
			name = Debug;
		};
		01F78ADE1BA29F6200C83692 /* Release */ = {
			isa = XCBuildConfiguration;
			buildSettings = {
				ASSETCATALOG_COMPILER_APPICON_NAME = AppIcon;
				INFOPLIST_FILE = Happiness/Info.plist;
				LD_RUNPATH_SEARCH_PATHS = "$(inherited) @executable_path/Frameworks";
				PRODUCT_NAME = "$(TARGET_NAME)";
			};
			name = Release;
		};
		01F78AE01BA29F6200C83692 /* Debug */ = {
			isa = XCBuildConfiguration;
			buildSettings = {
				BUNDLE_LOADER = "$(TEST_HOST)";
				FRAMEWORK_SEARCH_PATHS = (
					"$(SDKROOT)/Developer/Library/Frameworks",
					"$(inherited)",
				);
				GCC_PREPROCESSOR_DEFINITIONS = (
					"DEBUG=1",
					"$(inherited)",
				);
				INFOPLIST_FILE = HappinessTests/Info.plist;
				LD_RUNPATH_SEARCH_PATHS = "$(inherited) @executable_path/Frameworks @loader_path/Frameworks";
				PRODUCT_NAME = "$(TARGET_NAME)";
				TEST_HOST = "$(BUILT_PRODUCTS_DIR)/Happiness.app/Happiness";
			};
			name = Debug;
		};
		01F78AE11BA29F6200C83692 /* Release */ = {
			isa = XCBuildConfiguration;
			buildSettings = {
				BUNDLE_LOADER = "$(TEST_HOST)";
				FRAMEWORK_SEARCH_PATHS = (
					"$(SDKROOT)/Developer/Library/Frameworks",
					"$(inherited)",
				);
				INFOPLIST_FILE = HappinessTests/Info.plist;
				LD_RUNPATH_SEARCH_PATHS = "$(inherited) @executable_path/Frameworks @loader_path/Frameworks";
				PRODUCT_NAME = "$(TARGET_NAME)";
				TEST_HOST = "$(BUILT_PRODUCTS_DIR)/Happiness.app/Happiness";
			};
			name = Release;
		};
/* End XCBuildConfiguration section */

/* Begin XCConfigurationList section */
		01F78AB81BA29F6200C83692 /* Build configuration list for PBXProject "Happiness" */ = {
			isa = XCConfigurationList;
			buildConfigurations = (
				01F78ADA1BA29F6200C83692 /* Debug */,
				01F78ADB1BA29F6200C83692 /* Release */,
			);
			defaultConfigurationIsVisible = 0;
			defaultConfigurationName = Release;
		};
		01F78ADC1BA29F6200C83692 /* Build configuration list for PBXNativeTarget "Happiness" */ = {
			isa = XCConfigurationList;
			buildConfigurations = (
				01F78ADD1BA29F6200C83692 /* Debug */,
				01F78ADE1BA29F6200C83692 /* Release */,
			);
			defaultConfigurationIsVisible = 0;
		};
		01F78ADF1BA29F6200C83692 /* Build configuration list for PBXNativeTarget "HappinessTests" */ = {
			isa = XCConfigurationList;
			buildConfigurations = (
				01F78AE01BA29F6200C83692 /* Debug */,
				01F78AE11BA29F6200C83692 /* Release */,
			);
			defaultConfigurationIsVisible = 0;
		};
/* End XCConfigurationList section */
	};
	rootObject = 01F78AB51BA29F6200C83692 /* Project object */;
}
